
Microsoft Visual Studio Solution File, Format Version 12.00
# Visual Studio Version 16
VisualStudioVersion = 16.0.30907.101
MinimumVisualStudioVersion = 10.0.40219.1
Project("{FAE04EC0-301F-11D3-BF4B-00C04F79EFBC}") = "Lokalomat2021", "Lokalomat2021\Lokalomat2021.csproj", "{53772EE7-F6C0-4719-A4E7-EEEB67A198D6}"
EndProject
Global
	GlobalSection(SolutionConfigurationPlatforms) = preSolution
		Debug|Any CPU = Debug|Any CPU
		Release|Any CPU = Release|Any CPU
	EndGlobalSection
	GlobalSection(ProjectConfigurationPlatforms) = postSolution
		{53772EE7-F6C0-4719-A4E7-EEEB67A198D6}.Debug|Any CPU.ActiveCfg = Debug|Any CPU
		{53772EE7-F6C0-4719-A4E7-EEEB67A198D6}.Debug|Any CPU.Build.0 = Debug|Any CPU
		{53772EE7-F6C0-4719-A4E7-EEEB67A198D6}.Release|Any CPU.ActiveCfg = Release|Any CPU
		{53772EE7-F6C0-4719-A4E7-EEEB67A198D6}.Release|Any CPU.Build.0 = Release|Any CPU
	EndGlobalSection
	GlobalSection(SolutionProperties) = preSolution
		HideSolutionNode = FALSE
	EndGlobalSection
	GlobalSection(ExtensibilityGlobals) = postSolution
		SolutionGuid = {29A7FDDD-3BBB-401C-8023-BA9A5604948B}
	EndGlobalSection
EndGlobal
